
Microsoft Visual Studio Solution File, Format Version 12.00
# Visual Studio Version 16
VisualStudioVersion = 16.0.29001.49
MinimumVisualStudioVersion = 10.0.40219.1
Project("{FAE04EC0-301F-11D3-BF4B-00C04F79EFBC}") = "Forces", "Forces\Forces.csproj", "{C7712D32-3802-427B-B865-844328926C27}"
EndProject
Global
	GlobalSection(SolutionConfigurationPlatforms) = preSolution
		Debug|Any CPU = Debug|Any CPU
		Release|Any CPU = Release|Any CPU
	EndGlobalSection
	GlobalSection(ProjectConfigurationPlatforms) = postSolution
		{C7712D32-3802-427B-B865-844328926C27}.Debug|Any CPU.ActiveCfg = Debug|Any CPU
		{C7712D32-3802-427B-B865-844328926C27}.Debug|Any CPU.Build.0 = Debug|Any CPU
		{C7712D32-3802-427B-B865-844328926C27}.Release|Any CPU.ActiveCfg = Release|Any CPU
		{C7712D32-3802-427B-B865-844328926C27}.Release|Any CPU.Build.0 = Release|Any CPU
	EndGlobalSection
	GlobalSection(SolutionProperties) = preSolution
		HideSolutionNode = FALSE
	EndGlobalSection
	GlobalSection(ExtensibilityGlobals) = postSolution
		SolutionGuid = {B9CECD2F-44CD-4D18-A35D-4C14999502AD}
	EndGlobalSection
EndGlobal
